
Microsoft Visual Studio Solution File, Format Version 12.00
# Visual Studio Version 16
VisualStudioVersion = 16.0.30114.105
MinimumVisualStudioVersion = 10.0.40219.1
Project("{FAE04EC0-301F-11D3-BF4B-00C04F79EFBC}") = "Lombiq.Analyzers.ProjectReference", "Lombiq.Analyzers.ProjectReference.csproj", "{E43F83B6-F5D0-4FD9-AD3D-2FB071B777A6}"
EndProject
Project("{FAE04EC0-301F-11D3-BF4B-00C04F79EFBC}") = "Lombiq.Analyzers", "..\..\Lombiq.Analyzers\Lombiq.Analyzers.csproj", "{E4090872-11F2-49D1-A746-65E15DC4977E}"
EndProject
Project("{2150E333-8FDC-42A3-9474-1A3956D46DE8}") = "Solution Items", "Solution Items", "{CE857933-4E64-44B8-A1CA-3489F88475AB}"
	ProjectSection(SolutionItems) = preProject
		..\Directory.Build.props = ..\Directory.Build.props
	EndProjectSection
EndProject
Global
	GlobalSection(SolutionConfigurationPlatforms) = preSolution
		Debug|Any CPU = Debug|Any CPU
		Release|Any CPU = Release|Any CPU
	EndGlobalSection
	GlobalSection(SolutionProperties) = preSolution
		HideSolutionNode = FALSE
	EndGlobalSection
	GlobalSection(ProjectConfigurationPlatforms) = postSolution
		{E43F83B6-F5D0-4FD9-AD3D-2FB071B777A6}.Debug|Any CPU.ActiveCfg = Debug|Any CPU
		{E43F83B6-F5D0-4FD9-AD3D-2FB071B777A6}.Debug|Any CPU.Build.0 = Debug|Any CPU
		{E43F83B6-F5D0-4FD9-AD3D-2FB071B777A6}.Release|Any CPU.ActiveCfg = Release|Any CPU
		{E43F83B6-F5D0-4FD9-AD3D-2FB071B777A6}.Release|Any CPU.Build.0 = Release|Any CPU
		{E4090872-11F2-49D1-A746-65E15DC4977E}.Debug|Any CPU.ActiveCfg = Debug|Any CPU
		{E4090872-11F2-49D1-A746-65E15DC4977E}.Debug|Any CPU.Build.0 = Debug|Any CPU
		{E4090872-11F2-49D1-A746-65E15DC4977E}.Release|Any CPU.ActiveCfg = Release|Any CPU
		{E4090872-11F2-49D1-A746-65E15DC4977E}.Release|Any CPU.Build.0 = Release|Any CPU
	EndGlobalSection
EndGlobal
